{
  "version": 1,
  "dependencies": {
    "net8.0": {
      "AutoMapper": {
        "type": "Direct",
        "requested": "[13.0.1, )",
        "resolved": "13.0.1",
        "contentHash": "/Fx1SbJ16qS7dU4i604Sle+U9VLX+WSNVJggk6MupKVkYvvBm4XqYaeFuf67diHefHKHs50uQIS2YEDFhPCakQ==",
        "dependencies": {
          "Microsoft.Extensions.Options": "6.0.0"
        }
      },
      "FluentValidation": {
        "type": "Direct",
        "requested": "[11.9.2, )",
        "resolved": "11.9.2",
        "contentHash": "XeHp9LvFvu1fsQ/NvDCymV02GOCB1nz7ZUhfpI3uMhCcHTkV1K5bMkv+Nc/kuNYyAsX5+5bcmUanIEMd5QN+Eg=="
      },
      "Swashbuckle.AspNetCore": {
        "type": "Direct",
        "requested": "[6.4.0, )",
        "resolved": "6.4.0",
        "contentHash": "eUBr4TW0up6oKDA5Xwkul289uqSMgY0xGN4pnbOIBqCcN9VKGGaPvHX3vWaG/hvocfGDP+MGzMA0bBBKz2fkmQ==",
        "dependencies": {
          "Microsoft.Extensions.ApiDescription.Server": "6.0.5",
          "Swashbuckle.AspNetCore.Swagger": "6.4.0",
          "Swashbuckle.AspNetCore.SwaggerGen": "6.4.0",
          "Swashbuckle.AspNetCore.SwaggerUI": "6.4.0"
        }
      },
      "Microsoft.Extensions.ApiDescription.Server": {
        "type": "Transitive",
        "resolved": "6.0.5",
        "contentHash": "Ckb5EDBUNJdFWyajfXzUIMRkhf52fHZOQuuZg/oiu8y7zDCVwD0iHhew6MnThjHmevanpxL3f5ci2TtHQEN6bw=="
      },
      "Microsoft.Extensions.DependencyInjection.Abstractions": {
        "type": "Transitive",
        "resolved": "6.0.0",
        "contentHash": "xlzi2IYREJH3/m6+lUrQlujzX8wDitm4QGnUu6kUXTQAWPuZY8i+ticFJbzfqaetLA6KR/rO6Ew/HuYD+bxifg=="
      },
      "Microsoft.Extensions.Options": {
        "type": "Transitive",
        "resolved": "6.0.0",
        "contentHash": "dzXN0+V1AyjOe2xcJ86Qbo233KHuLEY0njf/P2Kw8SfJU+d45HNS2ctJdnEnrWbM9Ye2eFgaC5Mj9otRMU6IsQ==",
        "dependencies": {
          "Microsoft.Extensions.DependencyInjection.Abstractions": "6.0.0",
          "Microsoft.Extensions.Primitives": "6.0.0"
        }
      },
      "Microsoft.Extensions.Primitives": {
        "type": "Transitive",
        "resolved": "6.0.0",
        "contentHash": "9+PnzmQFfEFNR9J2aDTfJGGupShHjOuGw4VUv+JB044biSHrnmCIMD+mJHmb2H7YryrfBEXDurxQ47gJZdCKNQ==",
        "dependencies": {
          "System.Runtime.CompilerServices.Unsafe": "6.0.0"
        }
      },
      "Microsoft.OpenApi": {
        "type": "Transitive",
        "resolved": "1.2.3",
        "contentHash": "Nug3rO+7Kl5/SBAadzSMAVgqDlfGjJZ0GenQrLywJ84XGKO0uRqkunz5Wyl0SDwcR71bAATXvSdbdzPrYRYKGw=="
      },
      "Swashbuckle.AspNetCore.Swagger": {
        "type": "Transitive",
        "resolved": "6.4.0",
        "contentHash": "nl4SBgGM+cmthUcpwO/w1lUjevdDHAqRvfUoe4Xp/Uvuzt9mzGUwyFCqa3ODBAcZYBiFoKvrYwz0rabslJvSmQ==",
        "dependencies": {
          "Microsoft.OpenApi": "1.2.3"
        }
      },
      "Swashbuckle.AspNetCore.SwaggerGen": {
        "type": "Transitive",
        "resolved": "6.4.0",
        "contentHash": "lXhcUBVqKrPFAQF7e/ZeDfb5PMgE8n5t6L5B6/BQSpiwxgHzmBcx8Msu42zLYFTvR5PIqE9Q9lZvSQAcwCxJjw==",
        "dependencies": {
          "Swashbuckle.AspNetCore.Swagger": "6.4.0"
        }
      },
      "Swashbuckle.AspNetCore.SwaggerUI": {
        "type": "Transitive",
        "resolved": "6.4.0",
        "contentHash": "1Hh3atb3pi8c+v7n4/3N80Jj8RvLOXgWxzix6w3OZhB7zBGRwsy7FWr4e3hwgPweSBpwfElqj4V4nkjYabH9nQ=="
      },
      "System.Runtime.CompilerServices.Unsafe": {
        "type": "Transitive",
        "resolved": "6.0.0",
        "contentHash": "/iUeP3tq1S0XdNNoMz5C9twLSrM/TH+qElHkXWaPvuNOt+99G75NrV0OS2EqHx5wMN7popYjpc8oTjC1y16DLg=="
      }
    }
  }
}